// !$*UTF8*$!
{
	archiveVersion = 1;
	classes = {
	};
	objectVersion = 48;
	objects = {

/* Begin PBXBuildFile section */
		6646511020A414AA00991414 /* NetworkingAPI.swift in Sources */ = {isa = PBXBuildFile; fileRef = 6646510F20A414AA00991414 /* NetworkingAPI.swift */; };
		665DC13F20A530B10060662B /* ContactDetailsTableViewControllerTests.swift in Sources */ = {isa = PBXBuildFile; fileRef = 665DC13E20A530B10060662B /* ContactDetailsTableViewControllerTests.swift */; };
		66C2D2CD20A3A9BC0002A6A3 /* AppDelegate.swift in Sources */ = {isa = PBXBuildFile; fileRef = 66C2D2CC20A3A9BC0002A6A3 /* AppDelegate.swift */; };
		66C2D2CF20A3A9BC0002A6A3 /* MainViewController.swift in Sources */ = {isa = PBXBuildFile; fileRef = 66C2D2CE20A3A9BC0002A6A3 /* MainViewController.swift */; };
		66C2D2D220A3A9BC0002A6A3 /* Main.storyboard in Resources */ = {isa = PBXBuildFile; fileRef = 66C2D2D020A3A9BC0002A6A3 /* Main.storyboard */; };
		66C2D2D420A3A9BC0002A6A3 /* Assets.xcassets in Resources */ = {isa = PBXBuildFile; fileRef = 66C2D2D320A3A9BC0002A6A3 /* Assets.xcassets */; };
		66C2D2D720A3A9BC0002A6A3 /* LaunchScreen.storyboard in Resources */ = {isa = PBXBuildFile; fileRef = 66C2D2D520A3A9BC0002A6A3 /* LaunchScreen.storyboard */; };
		66C2D2E220A3A9BC0002A6A3 /* ContactsListTests.swift in Sources */ = {isa = PBXBuildFile; fileRef = 66C2D2E120A3A9BC0002A6A3 /* ContactsListTests.swift */; };
		66C2D2F220A3BA420002A6A3 /* ContactTableViewCell.swift in Sources */ = {isa = PBXBuildFile; fileRef = 66C2D2F120A3BA420002A6A3 /* ContactTableViewCell.swift */; };
		66C2D2F420A3C2150002A6A3 /* DetailsTableViewCell.swift in Sources */ = {isa = PBXBuildFile; fileRef = 66C2D2F320A3C2150002A6A3 /* DetailsTableViewCell.swift */; };
		66C2D2F720A3C2DB0002A6A3 /* ContactDetailsTableViewController.swift in Sources */ = {isa = PBXBuildFile; fileRef = 66C2D2F620A3C2DB0002A6A3 /* ContactDetailsTableViewController.swift */; };
		66C2D2F920A3C7FF0002A6A3 /* DetailsHeaderTableViewCell.swift in Sources */ = {isa = PBXBuildFile; fileRef = 66C2D2F820A3C7FF0002A6A3 /* DetailsHeaderTableViewCell.swift */; };
		66C2D2FB20A3CE7F0002A6A3 /* README.md in Resources */ = {isa = PBXBuildFile; fileRef = 66C2D2FA20A3CE7F0002A6A3 /* README.md */; };
		66C2D2FE20A3EC530002A6A3 /* Contact.swift in Sources */ = {isa = PBXBuildFile; fileRef = 66C2D2FD20A3EC530002A6A3 /* Contact.swift */; };
		66C2D30120A3EE4F0002A6A3 /* ContactTests.swift in Sources */ = {isa = PBXBuildFile; fileRef = 66C2D30020A3EE4F0002A6A3 /* ContactTests.swift */; };
		66E6A38220A3F0E70067076B /* ContactsAPI.swift in Sources */ = {isa = PBXBuildFile; fileRef = 66E6A38120A3F0E70067076B /* ContactsAPI.swift */; };
/* End PBXBuildFile section */

/* Begin PBXContainerItemProxy section */
		66C2D2DE20A3A9BC0002A6A3 /* PBXContainerItemProxy */ = {
			isa = PBXContainerItemProxy;
			containerPortal = 66C2D2C120A3A9BC0002A6A3 /* Project object */;
			proxyType = 1;
			remoteGlobalIDString = 66C2D2C820A3A9BC0002A6A3;
			remoteInfo = ContactsList;
		};
/* End PBXContainerItemProxy section */

/* Begin PBXFileReference section */
		6646510F20A414AA00991414 /* NetworkingAPI.swift */ = {isa = PBXFileReference; lastKnownFileType = sourcecode.swift; path = NetworkingAPI.swift; sourceTree = "<group>"; };
		665DC13E20A530B10060662B /* ContactDetailsTableViewControllerTests.swift */ = {isa = PBXFileReference; lastKnownFileType = sourcecode.swift; path = ContactDetailsTableViewControllerTests.swift; sourceTree = "<group>"; };
		66C2D2C920A3A9BC0002A6A3 /* ContactsList.app */ = {isa = PBXFileReference; explicitFileType = wrapper.application; includeInIndex = 0; path = ContactsList.app; sourceTree = BUILT_PRODUCTS_DIR; };
		66C2D2CC20A3A9BC0002A6A3 /* AppDelegate.swift */ = {isa = PBXFileReference; lastKnownFileType = sourcecode.swift; path = AppDelegate.swift; sourceTree = "<group>"; };
		66C2D2CE20A3A9BC0002A6A3 /* MainViewController.swift */ = {isa = PBXFileReference; lastKnownFileType = sourcecode.swift; path = MainViewController.swift; sourceTree = "<group>"; };
		66C2D2D120A3A9BC0002A6A3 /* Base */ = {isa = PBXFileReference; lastKnownFileType = file.storyboard; name = Base; path = Base.lproj/Main.storyboard; sourceTree = "<group>"; };
		66C2D2D320A3A9BC0002A6A3 /* Assets.xcassets */ = {isa = PBXFileReference; lastKnownFileType = folder.assetcatalog; path = Assets.xcassets; sourceTree = "<group>"; };
		66C2D2D620A3A9BC0002A6A3 /* Base */ = {isa = PBXFileReference; lastKnownFileType = file.storyboard; name = Base; path = Base.lproj/LaunchScreen.storyboard; sourceTree = "<group>"; };
		66C2D2D820A3A9BC0002A6A3 /* Info.plist */ = {isa = PBXFileReference; lastKnownFileType = text.plist.xml; path = Info.plist; sourceTree = "<group>"; };
		66C2D2DD20A3A9BC0002A6A3 /* ContactsListTests.xctest */ = {isa = PBXFileReference; explicitFileType = wrapper.cfbundle; includeInIndex = 0; path = ContactsListTests.xctest; sourceTree = BUILT_PRODUCTS_DIR; };
		66C2D2E120A3A9BC0002A6A3 /* ContactsListTests.swift */ = {isa = PBXFileReference; lastKnownFileType = sourcecode.swift; path = ContactsListTests.swift; sourceTree = "<group>"; };
		66C2D2E320A3A9BC0002A6A3 /* Info.plist */ = {isa = PBXFileReference; lastKnownFileType = text.plist.xml; path = Info.plist; sourceTree = "<group>"; };
		66C2D2F120A3BA420002A6A3 /* ContactTableViewCell.swift */ = {isa = PBXFileReference; lastKnownFileType = sourcecode.swift; path = ContactTableViewCell.swift; sourceTree = "<group>"; };
		66C2D2F320A3C2150002A6A3 /* DetailsTableViewCell.swift */ = {isa = PBXFileReference; lastKnownFileType = sourcecode.swift; path = DetailsTableViewCell.swift; sourceTree = "<group>"; };
		66C2D2F620A3C2DB0002A6A3 /* ContactDetailsTableViewController.swift */ = {isa = PBXFileReference; lastKnownFileType = sourcecode.swift; path = ContactDetailsTableViewController.swift; sourceTree = "<group>"; };
		66C2D2F820A3C7FF0002A6A3 /* DetailsHeaderTableViewCell.swift */ = {isa = PBXFileReference; lastKnownFileType = sourcecode.swift; path = DetailsHeaderTableViewCell.swift; sourceTree = "<group>"; };
		66C2D2FA20A3CE7F0002A6A3 /* README.md */ = {isa = PBXFileReference; lastKnownFileType = net.daringfireball.markdown; path = README.md; sourceTree = "<group>"; };
		66C2D2FD20A3EC530002A6A3 /* Contact.swift */ = {isa = PBXFileReference; lastKnownFileType = sourcecode.swift; path = Contact.swift; sourceTree = "<group>"; };
		66C2D30020A3EE4F0002A6A3 /* ContactTests.swift */ = {isa = PBXFileReference; lastKnownFileType = sourcecode.swift; path = ContactTests.swift; sourceTree = "<group>"; };
		66E6A38120A3F0E70067076B /* ContactsAPI.swift */ = {isa = PBXFileReference; lastKnownFileType = sourcecode.swift; path = ContactsAPI.swift; sourceTree = "<group>"; };
/* End PBXFileReference section */

/* Begin PBXFrameworksBuildPhase section */
		66C2D2C620A3A9BC0002A6A3 /* Frameworks */ = {
			isa = PBXFrameworksBuildPhase;
			buildActionMask = 2147483647;
			files = (
			);
			runOnlyForDeploymentPostprocessing = 0;
		};
		66C2D2DA20A3A9BC0002A6A3 /* Frameworks */ = {
			isa = PBXFrameworksBuildPhase;
			buildActionMask = 2147483647;
			files = (
			);
			runOnlyForDeploymentPostprocessing = 0;
		};
/* End PBXFrameworksBuildPhase section */

/* Begin PBXGroup section */
		6646510E20A4148F00991414 /* NetworkingAPI */ = {
			isa = PBXGroup;
			children = (
				6646510F20A414AA00991414 /* NetworkingAPI.swift */,
			);
			path = NetworkingAPI;
			sourceTree = "<group>";
		};
		665DC13D20A530950060662B /* ViewControllers */ = {
			isa = PBXGroup;
			children = (
				665DC13E20A530B10060662B /* ContactDetailsTableViewControllerTests.swift */,
			);
			path = ViewControllers;
			sourceTree = "<group>";
		};
		66C2D2C020A3A9BC0002A6A3 = {
			isa = PBXGroup;
			children = (
				66C2D2FA20A3CE7F0002A6A3 /* README.md */,
				66C2D2CB20A3A9BC0002A6A3 /* ContactsList */,
				66C2D2E020A3A9BC0002A6A3 /* ContactsListTests */,
				66C2D2CA20A3A9BC0002A6A3 /* Products */,
			);
			sourceTree = "<group>";
		};
		66C2D2CA20A3A9BC0002A6A3 /* Products */ = {
			isa = PBXGroup;
			children = (
				66C2D2C920A3A9BC0002A6A3 /* ContactsList.app */,
				66C2D2DD20A3A9BC0002A6A3 /* ContactsListTests.xctest */,
			);
			name = Products;
			sourceTree = "<group>";
		};
		66C2D2CB20A3A9BC0002A6A3 /* ContactsList */ = {
			isa = PBXGroup;
			children = (
				6646510E20A4148F00991414 /* NetworkingAPI */,
				66E6A38020A3F0D40067076B /* API */,
				66C2D2FC20A3EC3E0002A6A3 /* Model */,
				66C2D2F520A3C2A20002A6A3 /* ContactDetails */,
				66C2D2CC20A3A9BC0002A6A3 /* AppDelegate.swift */,
				66C2D2CE20A3A9BC0002A6A3 /* MainViewController.swift */,
				66C2D2EE20A3B95F0002A6A3 /* Cells */,
				66C2D2D020A3A9BC0002A6A3 /* Main.storyboard */,
				66C2D2D320A3A9BC0002A6A3 /* Assets.xcassets */,
				66C2D2D520A3A9BC0002A6A3 /* LaunchScreen.storyboard */,
				66C2D2D820A3A9BC0002A6A3 /* Info.plist */,
			);
			path = ContactsList;
			sourceTree = "<group>";
		};
		66C2D2E020A3A9BC0002A6A3 /* ContactsListTests */ = {
			isa = PBXGroup;
			children = (
				665DC13D20A530950060662B /* ViewControllers */,
				66C2D2FF20A3EE3D0002A6A3 /* Model */,
				66C2D2E120A3A9BC0002A6A3 /* ContactsListTests.swift */,
				66C2D2E320A3A9BC0002A6A3 /* Info.plist */,
			);
			path = ContactsListTests;
			sourceTree = "<group>";
		};
		66C2D2EE20A3B95F0002A6A3 /* Cells */ = {
			isa = PBXGroup;
			children = (
				66C2D2F120A3BA420002A6A3 /* ContactTableViewCell.swift */,
				66C2D2F320A3C2150002A6A3 /* DetailsTableViewCell.swift */,
				66C2D2F820A3C7FF0002A6A3 /* DetailsHeaderTableViewCell.swift */,
			);
			path = Cells;
			sourceTree = "<group>";
		};
		66C2D2F520A3C2A20002A6A3 /* ContactDetails */ = {
			isa = PBXGroup;
			children = (
				66C2D2F620A3C2DB0002A6A3 /* ContactDetailsTableViewController.swift */,
			);
			path = ContactDetails;
			sourceTree = "<group>";
		};
		66C2D2FC20A3EC3E0002A6A3 /* Model */ = {
			isa = PBXGroup;
			children = (
				66C2D2FD20A3EC530002A6A3 /* Contact.swift */,
			);
			path = Model;
			sourceTree = "<group>";
		};
		66C2D2FF20A3EE3D0002A6A3 /* Model */ = {
			isa = PBXGroup;
			children = (
				66C2D30020A3EE4F0002A6A3 /* ContactTests.swift */,
			);
			path = Model;
			sourceTree = "<group>";
		};
		66E6A38020A3F0D40067076B /* API */ = {
			isa = PBXGroup;
			children = (
				66E6A38120A3F0E70067076B /* ContactsAPI.swift */,
			);
			path = API;
			sourceTree = "<group>";
		};
/* End PBXGroup section */

/* Begin PBXNativeTarget section */
		66C2D2C820A3A9BC0002A6A3 /* ContactsList */ = {
			isa = PBXNativeTarget;
			buildConfigurationList = 66C2D2E620A3A9BC0002A6A3 /* Build configuration list for PBXNativeTarget "ContactsList" */;
			buildPhases = (
				66C2D2C520A3A9BC0002A6A3 /* Sources */,
				66C2D2C620A3A9BC0002A6A3 /* Frameworks */,
				66C2D2C720A3A9BC0002A6A3 /* Resources */,
			);
			buildRules = (
			);
			dependencies = (
			);
			name = ContactsList;
			productName = ContactsList;
			productReference = 66C2D2C920A3A9BC0002A6A3 /* ContactsList.app */;
			productType = "com.apple.product-type.application";
		};
		66C2D2DC20A3A9BC0002A6A3 /* ContactsListTests */ = {
			isa = PBXNativeTarget;
			buildConfigurationList = 66C2D2E920A3A9BC0002A6A3 /* Build configuration list for PBXNativeTarget "ContactsListTests" */;
			buildPhases = (
				66C2D2D920A3A9BC0002A6A3 /* Sources */,
				66C2D2DA20A3A9BC0002A6A3 /* Frameworks */,
				66C2D2DB20A3A9BC0002A6A3 /* Resources */,
			);
			buildRules = (
			);
			dependencies = (
				66C2D2DF20A3A9BC0002A6A3 /* PBXTargetDependency */,
			);
			name = ContactsListTests;
			productName = ContactsListTests;
			productReference = 66C2D2DD20A3A9BC0002A6A3 /* ContactsListTests.xctest */;
			productType = "com.apple.product-type.bundle.unit-test";
		};
/* End PBXNativeTarget section */

/* Begin PBXProject section */
		66C2D2C120A3A9BC0002A6A3 /* Project object */ = {
			isa = PBXProject;
			attributes = {
				LastSwiftUpdateCheck = 0920;
				LastUpgradeCheck = 0920;
				ORGANIZATIONNAME = "Ramirez, Edgar";
				TargetAttributes = {
					66C2D2C820A3A9BC0002A6A3 = {
						CreatedOnToolsVersion = 9.2;
						ProvisioningStyle = Automatic;
					};
					66C2D2DC20A3A9BC0002A6A3 = {
						CreatedOnToolsVersion = 9.2;
						ProvisioningStyle = Automatic;
						TestTargetID = 66C2D2C820A3A9BC0002A6A3;
					};
				};
			};
			buildConfigurationList = 66C2D2C420A3A9BC0002A6A3 /* Build configuration list for PBXProject "ContactsList" */;
			compatibilityVersion = "Xcode 8.0";
			developmentRegion = en;
			hasScannedForEncodings = 0;
			knownRegions = (
				en,
				Base,
			);
			mainGroup = 66C2D2C020A3A9BC0002A6A3;
			productRefGroup = 66C2D2CA20A3A9BC0002A6A3 /* Products */;
			projectDirPath = "";
			projectRoot = "";
			targets = (
				66C2D2C820A3A9BC0002A6A3 /* ContactsList */,
				66C2D2DC20A3A9BC0002A6A3 /* ContactsListTests */,
			);
		};
/* End PBXProject section */

/* Begin PBXResourcesBuildPhase section */
		66C2D2C720A3A9BC0002A6A3 /* Resources */ = {
			isa = PBXResourcesBuildPhase;
			buildActionMask = 2147483647;
			files = (
				66C2D2D720A3A9BC0002A6A3 /* LaunchScreen.storyboard in Resources */,
				66C2D2D420A3A9BC0002A6A3 /* Assets.xcassets in Resources */,
				66C2D2FB20A3CE7F0002A6A3 /* README.md in Resources */,
				66C2D2D220A3A9BC0002A6A3 /* Main.storyboard in Resources */,
			);
			runOnlyForDeploymentPostprocessing = 0;
		};
		66C2D2DB20A3A9BC0002A6A3 /* Resources */ = {
			isa = PBXResourcesBuildPhase;
			buildActionMask = 2147483647;
			files = (
			);
			runOnlyForDeploymentPostprocessing = 0;
		};
/* End PBXResourcesBuildPhase section */

/* Begin PBXSourcesBuildPhase section */
		66C2D2C520A3A9BC0002A6A3 /* Sources */ = {
			isa = PBXSourcesBuildPhase;
			buildActionMask = 2147483647;
			files = (
				66C2D2F920A3C7FF0002A6A3 /* DetailsHeaderTableViewCell.swift in Sources */,
				66C2D2F720A3C2DB0002A6A3 /* ContactDetailsTableViewController.swift in Sources */,
				66C2D2F220A3BA420002A6A3 /* ContactTableViewCell.swift in Sources */,
				66C2D2CF20A3A9BC0002A6A3 /* MainViewController.swift in Sources */,
				66C2D2F420A3C2150002A6A3 /* DetailsTableViewCell.swift in Sources */,
				66E6A38220A3F0E70067076B /* ContactsAPI.swift in Sources */,
				66C2D2CD20A3A9BC0002A6A3 /* AppDelegate.swift in Sources */,
				6646511020A414AA00991414 /* NetworkingAPI.swift in Sources */,
				66C2D2FE20A3EC530002A6A3 /* Contact.swift in Sources */,
			);
			runOnlyForDeploymentPostprocessing = 0;
		};
		66C2D2D920A3A9BC0002A6A3 /* Sources */ = {
			isa = PBXSourcesBuildPhase;
			buildActionMask = 2147483647;
			files = (
				665DC13F20A530B10060662B /* ContactDetailsTableViewControllerTests.swift in Sources */,
				66C2D30120A3EE4F0002A6A3 /* ContactTests.swift in Sources */,
				66C2D2E220A3A9BC0002A6A3 /* ContactsListTests.swift in Sources */,
			);
			runOnlyForDeploymentPostprocessing = 0;
		};
/* End PBXSourcesBuildPhase section */

/* Begin PBXTargetDependency section */
		66C2D2DF20A3A9BC0002A6A3 /* PBXTargetDependency */ = {
			isa = PBXTargetDependency;
			target = 66C2D2C820A3A9BC0002A6A3 /* ContactsList */;
			targetProxy = 66C2D2DE20A3A9BC0002A6A3 /* PBXContainerItemProxy */;
		};
/* End PBXTargetDependency section */

/* Begin PBXVariantGroup section */
		66C2D2D020A3A9BC0002A6A3 /* Main.storyboard */ = {
			isa = PBXVariantGroup;
			children = (
				66C2D2D120A3A9BC0002A6A3 /* Base */,
			);
			name = Main.storyboard;
			sourceTree = "<group>";
		};
		66C2D2D520A3A9BC0002A6A3 /* LaunchScreen.storyboard */ = {
			isa = PBXVariantGroup;
			children = (
				66C2D2D620A3A9BC0002A6A3 /* Base */,
			);
			name = LaunchScreen.storyboard;
			sourceTree = "<group>";
		};
/* End PBXVariantGroup section */

/* Begin XCBuildConfiguration section */
		66C2D2E420A3A9BC0002A6A3 /* Debug */ = {
			isa = XCBuildConfiguration;
			buildSettings = {
				ALWAYS_SEARCH_USER_PATHS = NO;
				CLANG_ANALYZER_NONNULL = YES;
				CLANG_ANALYZER_NUMBER_OBJECT_CONVERSION = YES_AGGRESSIVE;
				CLANG_CXX_LANGUAGE_STANDARD = "gnu++14";
				CLANG_CXX_LIBRARY = "libc++";
				CLANG_ENABLE_MODULES = YES;
				CLANG_ENABLE_OBJC_ARC = YES;
				CLANG_WARN_BLOCK_CAPTURE_AUTORELEASING = YES;
				CLANG_WARN_BOOL_CONVERSION = YES;
				CLANG_WARN_COMMA = YES;
				CLANG_WARN_CONSTANT_CONVERSION = YES;
				CLANG_WARN_DIRECT_OBJC_ISA_USAGE = YES_ERROR;
				CLANG_WARN_DOCUMENTATION_COMMENTS = YES;
				CLANG_WARN_EMPTY_BODY = YES;
				CLANG_WARN_ENUM_CONVERSION = YES;
				CLANG_WARN_INFINITE_RECURSION = YES;
				CLANG_WARN_INT_CONVERSION = YES;
				CLANG_WARN_NON_LITERAL_NULL_CONVERSION = YES;
				CLANG_WARN_OBJC_LITERAL_CONVERSION = YES;
				CLANG_WARN_OBJC_ROOT_CLASS = YES_ERROR;
				CLANG_WARN_RANGE_LOOP_ANALYSIS = YES;
				CLANG_WARN_STRICT_PROTOTYPES = YES;
				CLANG_WARN_SUSPICIOUS_MOVE = YES;
				CLANG_WARN_UNGUARDED_AVAILABILITY = YES_AGGRESSIVE;
				CLANG_WARN_UNREACHABLE_CODE = YES;
				CLANG_WARN__DUPLICATE_METHOD_MATCH = YES;
				CODE_SIGN_IDENTITY = "iPhone Developer";
				COPY_PHASE_STRIP = NO;
				DEBUG_INFORMATION_FORMAT = dwarf;
				ENABLE_STRICT_OBJC_MSGSEND = YES;
				ENABLE_TESTABILITY = YES;
				GCC_C_LANGUAGE_STANDARD = gnu11;
				GCC_DYNAMIC_NO_PIC = NO;
				GCC_NO_COMMON_BLOCKS = YES;
				GCC_OPTIMIZATION_LEVEL = 0;
				GCC_PREPROCESSOR_DEFINITIONS = (
					"DEBUG=1",
					"$(inherited)",
				);
				GCC_WARN_64_TO_32_BIT_CONVERSION = YES;
				GCC_WARN_ABOUT_RETURN_TYPE = YES_ERROR;
				GCC_WARN_UNDECLARED_SELECTOR = YES;
				GCC_WARN_UNINITIALIZED_AUTOS = YES_AGGRESSIVE;
				GCC_WARN_UNUSED_FUNCTION = YES;
				GCC_WARN_UNUSED_VARIABLE = YES;
				IPHONEOS_DEPLOYMENT_TARGET = 11.2;
				MTL_ENABLE_DEBUG_INFO = YES;
				ONLY_ACTIVE_ARCH = YES;
				SDKROOT = iphoneos;
				SWIFT_ACTIVE_COMPILATION_CONDITIONS = DEBUG;
				SWIFT_OPTIMIZATION_LEVEL = "-Onone";
			};
			name = Debug;
		};
		66C2D2E520A3A9BC0002A6A3 /* Release */ = {
			isa = XCBuildConfiguration;
			buildSettings = {
				ALWAYS_SEARCH_USER_PATHS = NO;
				CLANG_ANALYZER_NONNULL = YES;
				CLANG_ANALYZER_NUMBER_OBJECT_CONVERSION = YES_AGGRESSIVE;
				CLANG_CXX_LANGUAGE_STANDARD = "gnu++14";
				CLANG_CXX_LIBRARY = "libc++";
				CLANG_ENABLE_MODULES = YES;
				CLANG_ENABLE_OBJC_ARC = YES;
				CLANG_WARN_BLOCK_CAPTURE_AUTORELEASING = YES;
				CLANG_WARN_BOOL_CONVERSION = YES;
				CLANG_WARN_COMMA = YES;
				CLANG_WARN_CONSTANT_CONVERSION = YES;
				CLANG_WARN_DIRECT_OBJC_ISA_USAGE = YES_ERROR;
				CLANG_WARN_DOCUMENTATION_COMMENTS = YES;
				CLANG_WARN_EMPTY_BODY = YES;
				CLANG_WARN_ENUM_CONVERSION = YES;
				CLANG_WARN_INFINITE_RECURSION = YES;
				CLANG_WARN_INT_CONVERSION = YES;
				CLANG_WARN_NON_LITERAL_NULL_CONVERSION = YES;
				CLANG_WARN_OBJC_LITERAL_CONVERSION = YES;
				CLANG_WARN_OBJC_ROOT_CLASS = YES_ERROR;
				CLANG_WARN_RANGE_LOOP_ANALYSIS = YES;
				CLANG_WARN_STRICT_PROTOTYPES = YES;
				CLANG_WARN_SUSPICIOUS_MOVE = YES;
				CLANG_WARN_UNGUARDED_AVAILABILITY = YES_AGGRESSIVE;
				CLANG_WARN_UNREACHABLE_CODE = YES;
				CLANG_WARN__DUPLICATE_METHOD_MATCH = YES;
				CODE_SIGN_IDENTITY = "iPhone Developer";
				COPY_PHASE_STRIP = NO;
				DEBUG_INFORMATION_FORMAT = "dwarf-with-dsym";
				ENABLE_NS_ASSERTIONS = NO;
				ENABLE_STRICT_OBJC_MSGSEND = YES;
				GCC_C_LANGUAGE_STANDARD = gnu11;
				GCC_NO_COMMON_BLOCKS = YES;
				GCC_WARN_64_TO_32_BIT_CONVERSION = YES;
				GCC_WARN_ABOUT_RETURN_TYPE = YES_ERROR;
				GCC_WARN_UNDECLARED_SELECTOR = YES;
				GCC_WARN_UNINITIALIZED_AUTOS = YES_AGGRESSIVE;
				GCC_WARN_UNUSED_FUNCTION = YES;
				GCC_WARN_UNUSED_VARIABLE = YES;
				IPHONEOS_DEPLOYMENT_TARGET = 11.2;
				MTL_ENABLE_DEBUG_INFO = NO;
				SDKROOT = iphoneos;
				SWIFT_OPTIMIZATION_LEVEL = "-Owholemodule";
				VALIDATE_PRODUCT = YES;
			};
			name = Release;
		};
		66C2D2E720A3A9BC0002A6A3 /* Debug */ = {
			isa = XCBuildConfiguration;
			buildSettings = {
				ASSETCATALOG_COMPILER_APPICON_NAME = AppIcon;
				CODE_SIGN_STYLE = Automatic;
				DEVELOPMENT_TEAM = "";
				INFOPLIST_FILE = ContactsList/Info.plist;
				LD_RUNPATH_SEARCH_PATHS = "$(inherited) @executable_path/Frameworks";
				PRODUCT_BUNDLE_IDENTIFIER = com.company.ContactsList;
				PRODUCT_NAME = "$(TARGET_NAME)";
				SWIFT_VERSION = 4.0;
				TARGETED_DEVICE_FAMILY = 1;
			};
			name = Debug;
		};
		66C2D2E820A3A9BC0002A6A3 /* Release */ = {
			isa = XCBuildConfiguration;
			buildSettings = {
				ASSETCATALOG_COMPILER_APPICON_NAME = AppIcon;
				CODE_SIGN_STYLE = Automatic;
				DEVELOPMENT_TEAM = "";
				INFOPLIST_FILE = ContactsList/Info.plist;
				LD_RUNPATH_SEARCH_PATHS = "$(inherited) @executable_path/Frameworks";
				PRODUCT_BUNDLE_IDENTIFIER = com.company.ContactsList;
				PRODUCT_NAME = "$(TARGET_NAME)";
				SWIFT_VERSION = 4.0;
				TARGETED_DEVICE_FAMILY = 1;
			};
			name = Release;
		};
		66C2D2EA20A3A9BC0002A6A3 /* Debug */ = {
			isa = XCBuildConfiguration;
			buildSettings = {
				ALWAYS_EMBED_SWIFT_STANDARD_LIBRARIES = YES;
				BUNDLE_LOADER = "$(TEST_HOST)";
				CODE_SIGN_STYLE = Automatic;
				DEVELOPMENT_TEAM = 2LVJ3KQZBY;
				INFOPLIST_FILE = ContactsListTests/Info.plist;
				LD_RUNPATH_SEARCH_PATHS = "$(inherited) @executable_path/Frameworks @loader_path/Frameworks";
				PRODUCT_BUNDLE_IDENTIFIER = com.company.ContactsListTests;
				PRODUCT_NAME = "$(TARGET_NAME)";
				SWIFT_VERSION = 4.0;
				TARGETED_DEVICE_FAMILY = "1,2";
				TEST_HOST = "$(BUILT_PRODUCTS_DIR)/ContactsList.app/ContactsList";
			};
			name = Debug;
		};
		66C2D2EB20A3A9BC0002A6A3 /* Release */ = {
			isa = XCBuildConfiguration;
			buildSettings = {
				ALWAYS_EMBED_SWIFT_STANDARD_LIBRARIES = YES;
				BUNDLE_LOADER = "$(TEST_HOST)";
				CODE_SIGN_STYLE = Automatic;
				DEVELOPMENT_TEAM = 2LVJ3KQZBY;
				INFOPLIST_FILE = ContactsListTests/Info.plist;
				LD_RUNPATH_SEARCH_PATHS = "$(inherited) @executable_path/Frameworks @loader_path/Frameworks";
				PRODUCT_BUNDLE_IDENTIFIER = com.company.ContactsListTests;
				PRODUCT_NAME = "$(TARGET_NAME)";
				SWIFT_VERSION = 4.0;
				TARGETED_DEVICE_FAMILY = "1,2";
				TEST_HOST = "$(BUILT_PRODUCTS_DIR)/ContactsList.app/ContactsList";
			};
			name = Release;
		};
/* End XCBuildConfiguration section */

/* Begin XCConfigurationList section */
		66C2D2C420A3A9BC0002A6A3 /* Build configuration list for PBXProject "ContactsList" */ = {
			isa = XCConfigurationList;
			buildConfigurations = (
				66C2D2E420A3A9BC0002A6A3 /* Debug */,
				66C2D2E520A3A9BC0002A6A3 /* Release */,
			);
			defaultConfigurationIsVisible = 0;
			defaultConfigurationName = Release;
		};
		66C2D2E620A3A9BC0002A6A3 /* Build configuration list for PBXNativeTarget "ContactsList" */ = {
			isa = XCConfigurationList;
			buildConfigurations = (
				66C2D2E720A3A9BC0002A6A3 /* Debug */,
				66C2D2E820A3A9BC0002A6A3 /* Release */,
			);
			defaultConfigurationIsVisible = 0;
			defaultConfigurationName = Release;
		};
		66C2D2E920A3A9BC0002A6A3 /* Build configuration list for PBXNativeTarget "ContactsListTests" */ = {
			isa = XCConfigurationList;
			buildConfigurations = (
				66C2D2EA20A3A9BC0002A6A3 /* Debug */,
				66C2D2EB20A3A9BC0002A6A3 /* Release */,
			);
			defaultConfigurationIsVisible = 0;
			defaultConfigurationName = Release;
		};
/* End XCConfigurationList section */
	};
	rootObject = 66C2D2C120A3A9BC0002A6A3 /* Project object */;
}
